
Microsoft Visual Studio Solution File, Format Version 12.00
# Visual Studio Version 17
VisualStudioVersion = 17.3.32929.385
MinimumVisualStudioVersion = 10.0.40219.1
Project("{9A19103F-16F7-4668-BE54-9A1E7A4F7556}") = "School.API", "School.API\School.API.csproj", "{980BD222-5615-411E-AA2C-0B866A6D4A4E}"
EndProject
Project("{9A19103F-16F7-4668-BE54-9A1E7A4F7556}") = "School.infra", "School.infra\School.infra.csproj", "{2F85B67C-B5AD-4CAB-A61A-3DAADF2E6FB7}"
EndProject
Project("{9A19103F-16F7-4668-BE54-9A1E7A4F7556}") = "School.Core", "School.Core\School.Core.csproj", "{AC2CA9B1-FB24-49BB-BEA0-4A64E0038057}"
EndProject
Global
	GlobalSection(SolutionConfigurationPlatforms) = preSolution
		Debug|Any CPU = Debug|Any CPU
		Release|Any CPU = Release|Any CPU
	EndGlobalSection
	GlobalSection(ProjectConfigurationPlatforms) = postSolution
		{980BD222-5615-411E-AA2C-0B866A6D4A4E}.Debug|Any CPU.ActiveCfg = Debug|Any CPU
		{980BD222-5615-411E-AA2C-0B866A6D4A4E}.Debug|Any CPU.Build.0 = Debug|Any CPU
		{980BD222-5615-411E-AA2C-0B866A6D4A4E}.Release|Any CPU.ActiveCfg = Release|Any CPU
		{980BD222-5615-411E-AA2C-0B866A6D4A4E}.Release|Any CPU.Build.0 = Release|Any CPU
		{2F85B67C-B5AD-4CAB-A61A-3DAADF2E6FB7}.Debug|Any CPU.ActiveCfg = Debug|Any CPU
		{2F85B67C-B5AD-4CAB-A61A-3DAADF2E6FB7}.Debug|Any CPU.Build.0 = Debug|Any CPU
		{2F85B67C-B5AD-4CAB-A61A-3DAADF2E6FB7}.Release|Any CPU.ActiveCfg = Release|Any CPU
		{2F85B67C-B5AD-4CAB-A61A-3DAADF2E6FB7}.Release|Any CPU.Build.0 = Release|Any CPU
		{AC2CA9B1-FB24-49BB-BEA0-4A64E0038057}.Debug|Any CPU.ActiveCfg = Debug|Any CPU
		{AC2CA9B1-FB24-49BB-BEA0-4A64E0038057}.Debug|Any CPU.Build.0 = Debug|Any CPU
		{AC2CA9B1-FB24-49BB-BEA0-4A64E0038057}.Release|Any CPU.ActiveCfg = Release|Any CPU
		{AC2CA9B1-FB24-49BB-BEA0-4A64E0038057}.Release|Any CPU.Build.0 = Release|Any CPU
	EndGlobalSection
	GlobalSection(SolutionProperties) = preSolution
		HideSolutionNode = FALSE
	EndGlobalSection
	GlobalSection(ExtensibilityGlobals) = postSolution
		SolutionGuid = {BC5F7BF8-1087-4931-8910-627C02D9111C}
	EndGlobalSection
EndGlobal
